
Microsoft Visual Studio Solution File, Format Version 12.00
# Visual Studio Version 16
VisualStudioVersion = 16.0.32126.315
MinimumVisualStudioVersion = 10.0.40219.1
Project("{FAE04EC0-301F-11D3-BF4B-00C04F79EFBC}") = "GitDemo", "GitDemo\GitDemo.csproj", "{AD81C6CB-C2A6-46BE-B409-82E576B899AB}"
EndProject
Global
	GlobalSection(SolutionConfigurationPlatforms) = preSolution
		Debug|Any CPU = Debug|Any CPU
		Release|Any CPU = Release|Any CPU
	EndGlobalSection
	GlobalSection(ProjectConfigurationPlatforms) = postSolution
		{AD81C6CB-C2A6-46BE-B409-82E576B899AB}.Debug|Any CPU.ActiveCfg = Debug|Any CPU
		{AD81C6CB-C2A6-46BE-B409-82E576B899AB}.Debug|Any CPU.Build.0 = Debug|Any CPU
		{AD81C6CB-C2A6-46BE-B409-82E576B899AB}.Release|Any CPU.ActiveCfg = Release|Any CPU
		{AD81C6CB-C2A6-46BE-B409-82E576B899AB}.Release|Any CPU.Build.0 = Release|Any CPU
	EndGlobalSection
	GlobalSection(SolutionProperties) = preSolution
		HideSolutionNode = FALSE
	EndGlobalSection
	GlobalSection(ExtensibilityGlobals) = postSolution
		SolutionGuid = {9A2C0446-0554-44BA-9A69-38D08A1077C2}
	EndGlobalSection
EndGlobal
